version = 1
requires-python = ">=3.13"

[[package]]
name = "colorama"
version = "0.4.6"
source = { registry = "https://pypi.org/simple" }
sdist = { url = "https://files.pythonhosted.org/packages/d8/53/6f443c9a4a8358a93a6792e2acffb9d9d5cb0a5cfd8802644b7b1c9a02e4/colorama-0.4.6.tar.gz", hash = "sha256:08695f5cb7ed6e0531a20572697297273c47b8cae5a63ffc6d6ed5c201be6e44", size = 27697 }
wheels = [
    { url = "https://files.pythonhosted.org/packages/d1/d6/3965ed04c63042e047cb6a3e6ed1a63a35087b6a609aa3a15ed8ac56c221/colorama-0.4.6-py2.py3-none-any.whl", hash = "sha256:4f1d9991f5acc0ca119f9d443620b77f9d6b33703e51011c16baf57afb285fc6", size = 25335 },
]

[[package]]
name = "et-xmlfile"
version = "2.0.0"
source = { registry = "https://pypi.org/simple" }
sdist = { url = "https://files.pythonhosted.org/packages/d3/38/af70d7ab1ae9d4da450eeec1fa3918940a5fafb9055e934af8d6eb0c2313/et_xmlfile-2.0.0.tar.gz", hash = "sha256:dab3f4764309081ce75662649be815c4c9081e88f0837825f90fd28317d4da54", size = 17234 }
wheels = [
    { url = "https://files.pythonhosted.org/packages/c1/8b/5fe2cc11fee489817272089c4203e679c63b570a5aaeb18d852ae3cbba6a/et_xmlfile-2.0.0-py3-none-any.whl", hash = "sha256:7a91720bc756843502c3b7504c77b8fe44217c85c537d85037f0f536151b2caa", size = 18059 },
]

[[package]]
name = "libusb1"
version = "3.1.0"
source = { registry = "https://pypi.org/simple" }
sdist = { url = "https://files.pythonhosted.org/packages/af/19/53ecbfb96d6832f2272d13b84658c360802fcfff7c0c497ab8f6bf15ac40/libusb1-3.1.0.tar.gz", hash = "sha256:4ee9b0a55f8bd0b3ea7017ae919a6c1f439af742c4a4b04543c5fd7af89b828c", size = 83013 }
wheels = [
    { url = "https://files.pythonhosted.org/packages/85/5c/9169aea7690df382b677d9f725accc3ec864849c5ab49991e3823a942392/libusb1-3.1.0-py3-none-any.whl", hash = "sha256:9d9f16e2c199cab91f48ead585d3f5ec7e8e4be428a25ddfed22abf786fa9b3a", size = 62368 },
    { url = "https://files.pythonhosted.org/packages/2f/84/d851eb09565ff72b0dfbb988f4e1c79d3746c16eda5bb8e81ec6ce3bb16e/libusb1-3.1.0-py3-none-win32.whl", hash = "sha256:bc7874302565721f443a27d8182fcc7152e5b560523f12f1377b130f473e4a0c", size = 127838 },
    { url = "https://files.pythonhosted.org/packages/02/a5/620d383ec17051f42a907f21517eb498ddecd45b2b81e46cc42e6ec4038e/libusb1-3.1.0-py3-none-win_amd64.whl", hash = "sha256:77a06ecfb3d002d7c2ce369e28d0138b292fe8db8a3d102b73fda231a716dd35", size = 140380 },
]

[[package]]
name = "loguru"
version = "0.7.2"
source = { registry = "https://pypi.org/simple" }
dependencies = [
    { name = "colorama", marker = "sys_platform == 'win32'" },
    { name = "win32-setctime", marker = "sys_platform == 'win32'" },
]
sdist = { url = "https://files.pythonhosted.org/packages/9e/30/d87a423766b24db416a46e9335b9602b054a72b96a88a241f2b09b560fa8/loguru-0.7.2.tar.gz", hash = "sha256:e671a53522515f34fd406340ee968cb9ecafbc4b36c679da03c18fd8d0bd51ac", size = 145103 }
wheels = [
    { url = "https://files.pythonhosted.org/packages/03/0a/4f6fed21aa246c6b49b561ca55facacc2a44b87d65b8b92362a8e99ba202/loguru-0.7.2-py3-none-any.whl", hash = "sha256:003d71e3d3ed35f0f8984898359d65b79e5b21943f78af86aa5491210429b8eb", size = 62549 },
]

[[package]]
name = "mypy"
version = "1.11.2"
source = { registry = "https://pypi.org/simple" }
dependencies = [
    { name = "mypy-extensions" },
    { name = "typing-extensions" },
]
sdist = { url = "https://files.pythonhosted.org/packages/5c/86/5d7cbc4974fd564550b80fbb8103c05501ea11aa7835edf3351d90095896/mypy-1.11.2.tar.gz", hash = "sha256:7f9993ad3e0ffdc95c2a14b66dee63729f021968bff8ad911867579c65d13a79", size = 3078806 }
wheels = [
    { url = "https://files.pythonhosted.org/packages/42/3a/bdf730640ac523229dd6578e8a581795720a9321399de494374afc437ec5/mypy-1.11.2-py3-none-any.whl", hash = "sha256:b499bc07dbdcd3de92b0a8b29fdf592c111276f6a12fe29c30f6c417dd546d12", size = 2619625 },
]

[[package]]
name = "mypy-extensions"
version = "1.0.0"
source = { registry = "https://pypi.org/simple" }
sdist = { url = "https://files.pythonhosted.org/packages/98/a4/1ab47638b92648243faf97a5aeb6ea83059cc3624972ab6b8d2316078d3f/mypy_extensions-1.0.0.tar.gz", hash = "sha256:75dbf8955dc00442a438fc4d0666508a9a97b6bd41aa2f0ffe9d2f2725af0782", size = 4433 }
wheels = [
    { url = "https://files.pythonhosted.org/packages/2a/e2/5d3f6ada4297caebe1a2add3b126fe800c96f56dbe5d1988a2cbe0b267aa/mypy_extensions-1.0.0-py3-none-any.whl", hash = "sha256:4392f6c0eb8a5668a69e23d168ffa70f0be9ccfd32b5cc2d26a34ae5b844552d", size = 4695 },
]

[[package]]
name = "ndeflib"
version = "0.3.3"
source = { registry = "https://pypi.org/simple" }
sdist = { url = "https://files.pythonhosted.org/packages/58/f8/cd11ec90bd6a6bcf35bb80e4e29fdebe8bf2b05e869a93ca1e41d85518d0/ndeflib-0.3.3.tar.gz", hash = "sha256:1d56828558b9b16f2822a4051824346347b66adf5320ea86070748b6f2454a88", size = 143759 }
wheels = [
    { url = "https://files.pythonhosted.org/packages/c9/80/bbc9a4818cd74807f914d225611cd724d8c0e56237b952a9a4aa6d583f5c/ndeflib-0.3.3-py2.py3-none-any.whl", hash = "sha256:c634b1af2ab454754f0fdbe1debd38247ed7bdaf94587359b857726f3ee7decb", size = 56331 },
]

[[package]]
name = "nfcpy"
version = "1.0.4"
source = { registry = "https://pypi.org/simple" }
dependencies = [
    { name = "libusb1" },
    { name = "ndeflib" },
    { name = "pydes" },
    { name = "pyserial" },
]
sdist = { url = "https://files.pythonhosted.org/packages/38/a2/cce3ab796e84bea5098c4231ff56e523cb182c58a21280ccff0d75e693e6/nfcpy-1.0.4.tar.gz", hash = "sha256:e5bd08d0119e1d9e95d05215f838b07b44d03b651adddc523cc1a38892b8af6b", size = 451788 }
wheels = [
    { url = "https://files.pythonhosted.org/packages/96/2e/4fd1d12de425b26e0c5e74bb109cc7f55cdaf275b8f1a72e737ef584cf8a/nfcpy-1.0.4-py3-none-any.whl", hash = "sha256:c1f3ecdd9755f9af46e89a945ed490354d089d5b19422e307159e256ff8c1b3d", size = 186108 },
]

[[package]]
name = "openpyxl"
version = "3.1.5"
source = { registry = "https://pypi.org/simple" }
dependencies = [
    { name = "et-xmlfile" },
]
sdist = { url = "https://files.pythonhosted.org/packages/3d/f9/88d94a75de065ea32619465d2f77b29a0469500e99012523b91cc4141cd1/openpyxl-3.1.5.tar.gz", hash = "sha256:cf0e3cf56142039133628b5acffe8ef0c12bc902d2aadd3e0fe5878dc08d1050", size = 186464 }
wheels = [
    { url = "https://files.pythonhosted.org/packages/c0/da/977ded879c29cbd04de313843e76868e6e13408a94ed6b987245dc7c8506/openpyxl-3.1.5-py2.py3-none-any.whl", hash = "sha256:5282c12b107bffeef825f4617dc029afaf41d0ea60823bbb665ef3079dc79de2", size = 250910 },
]

[[package]]
name = "pasori-timecard"
version = "0.1.0"
source = { virtual = "." }
dependencies = [
    { name = "libusb1" },
    { name = "loguru" },
    { name = "ndeflib" },
    { name = "nfcpy" },
    { name = "openpyxl" },
    { name = "pydes" },
    { name = "pyserial" },
    { name = "pyside6" },
    { name = "pyside6-addons" },
    { name = "pyside6-essentials" },
    { name = "pytz" },
    { name = "shiboken6" },
    { name = "sqlalchemy" },
    { name = "tomli" },
    { name = "typing-extensions" },
]

[package.dev-dependencies]
dev = [
    { name = "mypy" },
    { name = "mypy-extensions" },
    { name = "types-pytz" },
    { name = "typing-extensions" },
]

[package.metadata]
requires-dist = [
    { name = "libusb1", specifier = "==3.1.0" },
    { name = "loguru", specifier = "==0.7.2" },
    { name = "ndeflib", specifier = "==0.3.3" },
    { name = "nfcpy", specifier = "==1.0.4" },
    { name = "openpyxl", specifier = ">=3.1.5" },
    { name = "pydes", specifier = "==2.0.1" },
    { name = "pyserial", specifier = "==3.5" },
    { name = "pyside6", specifier = "==6.7.2" },
    { name = "pyside6-addons", specifier = "==6.7.2" },
    { name = "pyside6-essentials", specifier = "==6.7.2" },
    { name = "pytz", specifier = "==2024.1" },
    { name = "shiboken6", specifier = "==6.7.2" },
    { name = "sqlalchemy", specifier = "==2.0.34" },
    { name = "tomli", specifier = "==2.0.1" },
    { name = "typing-extensions", specifier = "==4.12.2" },
]

[package.metadata.requires-dev]
dev = [
    { name = "mypy", specifier = "==1.11.2" },
    { name = "mypy-extensions", specifier = "==1.0.0" },
    { name = "types-pytz", specifier = "==2024.1.0.20240417" },
    { name = "typing-extensions", specifier = "==4.12.2" },
]

[[package]]
name = "pydes"
version = "2.0.1"
source = { registry = "https://pypi.org/simple" }
sdist = { url = "https://files.pythonhosted.org/packages/92/5e/0075a35ea5d307a182b0963900298b209ea2f363ccdd5a27e8cb04c58410/pyDes-2.0.1.tar.gz", hash = "sha256:e2ab8e21d2b83e90d90dbfdcb6fb8ac0000b813238b7ecaede04f8435c389012", size = 9878 }

[[package]]
name = "pyserial"
version = "3.5"
source = { registry = "https://pypi.org/simple" }
sdist = { url = "https://files.pythonhosted.org/packages/1e/7d/ae3f0a63f41e4d2f6cb66a5b57197850f919f59e558159a4dd3a818f5082/pyserial-3.5.tar.gz", hash = "sha256:3c77e014170dfffbd816e6ffc205e9842efb10be9f58ec16d3e8675b4925cddb", size = 159125 }
wheels = [
    { url = "https://files.pythonhosted.org/packages/07/bc/587a445451b253b285629263eb51c2d8e9bcea4fc97826266d186f96f558/pyserial-3.5-py2.py3-none-any.whl", hash = "sha256:c4451db6ba391ca6ca299fb3ec7bae67a5c55dde170964c7a14ceefec02f2cf0", size = 90585 },
]

[[package]]
name = "pyside6"
version = "6.7.2"
source = { registry = "https://pypi.org/simple" }
dependencies = [
    { name = "pyside6-addons" },
    { name = "pyside6-essentials" },
    { name = "shiboken6" },
]
wheels = [
    { url = "https://files.pythonhosted.org/packages/df/57/69b9104f6a30a7f2c0ed78c425304ab964e9b10907b5e1d9d744dd1f714e/PySide6-6.7.2-cp39-abi3-macosx_11_0_universal2.whl", hash = "sha256:602debef9ec159b0db48f83b38a0e43e2dad3961f7d99f708d98620f04e9112b", size = 530200 },
    { url = "https://files.pythonhosted.org/packages/34/a6/278c7ed2f76ccfa471c49eb66538243dc0d892fe481b9b6a8bbad8846ba0/PySide6-6.7.2-cp39-abi3-manylinux_2_28_x86_64.whl", hash = "sha256:15e7696a09072ee977f6e6179ab1e48184953df8417bcaa83cfadf0b79747242", size = 530812 },
    { url = "https://files.pythonhosted.org/packages/71/d7/794d490899f0118b2a40221508e4fd7ea67ffd6e790a627a39e7582841cb/PySide6-6.7.2-cp39-abi3-manylinux_2_31_aarch64.whl", hash = "sha256:6e0acb471535de303f56e3077aa86f53496b4de659b99ecce80520bcee508a63", size = 530721 },
    { url = "https://files.pythonhosted.org/packages/c2/ee/15cb7e277b3c88806d9baaa334b7923b2f1bdc461b38461bc70d368a8481/PySide6-6.7.2-cp39-abi3-win_amd64.whl", hash = "sha256:f73ae0de77d67f51ca3ce8207b12d3a5fa0107d3d5b6e4aeb3b53ee842b0927a", size = 537990 },
]

[[package]]
name = "pyside6-addons"
version = "6.7.2"
source = { registry = "https://pypi.org/simple" }
dependencies = [
    { name = "pyside6-essentials" },
    { name = "shiboken6" },
]
wheels = [
    { url = "https://files.pythonhosted.org/packages/3f/8f/8ba019ec6e413c48e2852efea35215d2a340dd0285701712f017dc7ca698/PySide6_Addons-6.7.2-cp39-abi3-macosx_11_0_universal2.whl", hash = "sha256:90b995efce61058d995c603ea480a9a3054fe8206739dcbc273fc3b53d40650f", size = 258221435 },
    { url = "https://files.pythonhosted.org/packages/7f/f2/2128d3876f0c45fcb73000b272be64e1f3b1189f77d79820d7a706051e55/PySide6_Addons-6.7.2-cp39-abi3-manylinux_2_28_x86_64.whl", hash = "sha256:94b9bf6a2a4a7ac671e1776633e50d51326c86f4184f1c6e556f4dd5498fd52a", size = 137499800 },
    { url = "https://files.pythonhosted.org/packages/e8/3c/6250b74da83a8a8a26c27d8a3041a31880b20ede88d004ef9dbe49d108bc/PySide6_Addons-6.7.2-cp39-abi3-manylinux_2_31_aarch64.whl", hash = "sha256:22979b1aa09d9cf1d7a86c8a9aa0cb4791d6bd1cc94f96c5b6780c5ef8a9e34e", size = 122681790 },
    { url = "https://files.pythonhosted.org/packages/8a/47/35794fc8c8cab42d924ac0287dfe489201c3743066a1eea34cdde2926cc1/PySide6_Addons-6.7.2-cp39-abi3-win_amd64.whl", hash = "sha256:ebf549eb25998665d8e4ec24014fbbd37bebc5ecdcb050b34db1e1c03e1bf81d", size = 123043845 },
]

[[package]]
name = "pyside6-essentials"
version = "6.7.2"
source = { registry = "https://pypi.org/simple" }
dependencies = [
    { name = "shiboken6" },
]
wheels = [
    { url = "https://files.pythonhosted.org/packages/3f/41/c97a442a9e334e0c8025465ee63d7b303c5ab42a1e323c2b9cebca58a936/PySide6_Essentials-6.7.2-cp39-abi3-macosx_11_0_universal2.whl", hash = "sha256:4d13666e796ec140ecfb432c4f3d7baef6dfafc11929985a83b22c0025532fb7", size = 153954994 },
    { url = "https://files.pythonhosted.org/packages/75/be/527e41a7744142d931e46685dd9c2bdfff39432962abf8a5263be319c2cb/PySide6_Essentials-6.7.2-cp39-abi3-manylinux_2_28_x86_64.whl", hash = "sha256:a1a4c09f1e916b9cfe53151fe4a503a6acb1f6621ba28204d1bfe636f80d6780", size = 87668883 },
    { url = "https://files.pythonhosted.org/packages/42/e0/40994873471ab7fabbff098560a9fe0c08a2182c2eb501e31b1148e7bd44/PySide6_Essentials-6.7.2-cp39-abi3-manylinux_2_31_aarch64.whl", hash = "sha256:9135513e1c4c6e2fbb1e4f9afcb3d42e54708b0d9ed870cb3213ea4874cafa1e", size = 87969972 },
    { url = "https://files.pythonhosted.org/packages/69/55/cff72ecb1d36422e7f41f8d64d49c7c7e1f8dc6648e2b30ba72950883444/PySide6_Essentials-6.7.2-cp39-abi3-win_amd64.whl", hash = "sha256:0111d5fa8cf826de3ca9d82fed54726cce116d57f454f88a6467578652032d69", size = 78946678 },
]

[[package]]
name = "pytz"
version = "2024.1"
source = { registry = "https://pypi.org/simple" }
sdist = { url = "https://files.pythonhosted.org/packages/90/26/9f1f00a5d021fff16dee3de13d43e5e978f3d58928e129c3a62cf7eb9738/pytz-2024.1.tar.gz", hash = "sha256:2a29735ea9c18baf14b448846bde5a48030ed267578472d8955cd0e7443a9812", size = 316214 }
wheels = [
    { url = "https://files.pythonhosted.org/packages/9c/3d/a121f284241f08268b21359bd425f7d4825cffc5ac5cd0e1b3d82ffd2b10/pytz-2024.1-py2.py3-none-any.whl", hash = "sha256:328171f4e3623139da4983451950b28e95ac706e13f3f2630a879749e7a8b319", size = 505474 },
]

[[package]]
name = "shiboken6"
version = "6.7.2"
source = { registry = "https://pypi.org/simple" }
wheels = [
    { url = "https://files.pythonhosted.org/packages/64/d4/01c4b37fe224c0d3200a060bfbc1bb912a2a36995178f2dabb19f4a12ff7/shiboken6-6.7.2-cp39-abi3-macosx_11_0_universal2.whl", hash = "sha256:50c33ac6317b673a1eb97a9abaafccb162c4ba0c9ca658a8e449c49a8aadc379", size = 387480 },
    { url = "https://files.pythonhosted.org/packages/57/ba/3e38bb62b285d73e46a86f44e7765cea5c42a79b0bba867dfabbdd12b54d/shiboken6-6.7.2-cp39-abi3-manylinux_2_28_x86_64.whl", hash = "sha256:70e80737b27cd5d83504b373013b55e70462bd4a27217d919ff9a83958731990", size = 188970 },
    { url = "https://files.pythonhosted.org/packages/7c/bb/06a19d1b00d46b3840595e43d7fa648b21683e4e98c4a69d0ea06aaf5e7f/shiboken6-6.7.2-cp39-abi3-manylinux_2_31_aarch64.whl", hash = "sha256:98bedf9a15f1d8ba1af3e4d1e7527f7946ce36da541e08074fd9dc9ab5ff1adf", size = 177052 },
    { url = "https://files.pythonhosted.org/packages/11/9f/50ed659cbce4664374707bf416e2fac2ff94de3253ab093d5dee7f53e02f/shiboken6-6.7.2-cp39-abi3-win_amd64.whl", hash = "sha256:9024e6afb2af1568ebfc8a5d07e4ff6c8829f40923eeb28901f535463e2b6b65", size = 1090289 },
]

[[package]]
name = "sqlalchemy"
version = "2.0.34"
source = { registry = "https://pypi.org/simple" }
dependencies = [
    { name = "typing-extensions" },
]
sdist = { url = "https://files.pythonhosted.org/packages/90/fa/ca0fdd7b6b0cf53a8237a8ee7e487f8be16e4a2ee6d840d6e8e105cd9c86/sqlalchemy-2.0.34.tar.gz", hash = "sha256:10d8f36990dd929690666679b0f42235c159a7051534adb135728ee52828dd22", size = 9556527 }
wheels = [
    { url = "https://files.pythonhosted.org/packages/09/14/5c9b872fba29ccedeb905d0a5c203ad86287b8bb1bb8eda96bfe8a05f65b/SQLAlchemy-2.0.34-py3-none-any.whl", hash = "sha256:7286c353ee6475613d8beff83167374006c6b3e3f0e6491bfe8ca610eb1dec0f", size = 1880671 },
]

[[package]]
name = "tomli"
version = "2.0.1"
source = { registry = "https://pypi.org/simple" }
sdist = { url = "https://files.pythonhosted.org/packages/c0/3f/d7af728f075fb08564c5949a9c95e44352e23dee646869fa104a3b2060a3/tomli-2.0.1.tar.gz", hash = "sha256:de526c12914f0c550d15924c62d72abc48d6fe7364aa87328337a31007fe8a4f", size = 15164 }
wheels = [
    { url = "https://files.pythonhosted.org/packages/97/75/10a9ebee3fd790d20926a90a2547f0bf78f371b2f13aa822c759680ca7b9/tomli-2.0.1-py3-none-any.whl", hash = "sha256:939de3e7a6161af0c887ef91b7d41a53e7c5a1ca976325f429cb46ea9bc30ecc", size = 12757 },
]

[[package]]
name = "types-pytz"
version = "2024.1.0.20240417"
source = { registry = "https://pypi.org/simple" }
sdist = { url = "https://files.pythonhosted.org/packages/9b/b0/079f6f340c0051fbe03ac3a6d9fce323c9797b85380d455e1566eaf2716b/types-pytz-2024.1.0.20240417.tar.gz", hash = "sha256:6810c8a1f68f21fdf0f4f374a432487c77645a0ac0b31de4bf4690cf21ad3981", size = 5459 }
wheels = [
    { url = "https://files.pythonhosted.org/packages/e8/8d/f5dc5239d59bb4a7b58e2b6d0dc6f2c2ba797b110f83cdda8479508c63dd/types_pytz-2024.1.0.20240417-py3-none-any.whl", hash = "sha256:8335d443310e2db7b74e007414e74c4f53b67452c0cb0d228ca359ccfba59659", size = 5246 },
]

[[package]]
name = "typing-extensions"
version = "4.12.2"
source = { registry = "https://pypi.org/simple" }
sdist = { url = "https://files.pythonhosted.org/packages/df/db/f35a00659bc03fec321ba8bce9420de607a1d37f8342eee1863174c69557/typing_extensions-4.12.2.tar.gz", hash = "sha256:1a7ead55c7e559dd4dee8856e3a88b41225abfe1ce8df57b7c13915fe121ffb8", size = 85321 }
wheels = [
    { url = "https://files.pythonhosted.org/packages/26/9f/ad63fc0248c5379346306f8668cda6e2e2e9c95e01216d2b8ffd9ff037d0/typing_extensions-4.12.2-py3-none-any.whl", hash = "sha256:04e5ca0351e0f3f85c6853954072df659d0d13fac324d0072316b67d7794700d", size = 37438 },
]

[[package]]
name = "win32-setctime"
version = "1.2.0"
source = { registry = "https://pypi.org/simple" }
sdist = { url = "https://files.pythonhosted.org/packages/b3/8f/705086c9d734d3b663af0e9bb3d4de6578d08f46b1b101c2442fd9aecaa2/win32_setctime-1.2.0.tar.gz", hash = "sha256:ae1fdf948f5640aae05c511ade119313fb6a30d7eabe25fef9764dca5873c4c0", size = 4867 }
wheels = [
    { url = "https://files.pythonhosted.org/packages/e1/07/c6fe3ad3e685340704d314d765b7912993bcb8dc198f0e7a89382d37974b/win32_setctime-1.2.0-py3-none-any.whl", hash = "sha256:95d644c4e708aba81dc3704a116d8cbc974d70b3bdb8be1d150e36be6e9d1390", size = 4083 },
]
